
Microsoft Visual Studio Solution File, Format Version 12.00
# Visual Studio Version 17
VisualStudioVersion = 17.13.35825.156
MinimumVisualStudioVersion = 10.0.40219.1
Project("{FAE04EC0-301F-11D3-BF4B-00C04F79EFBC}") = "HelloWorld", "HelloWorld\HelloWorld.csproj", "{FFF39F92-6413-4501-BB96-4D6F8BBDAC8B}"
EndProject
Project("{FAE04EC0-301F-11D3-BF4B-00C04F79EFBC}") = "FirstDegree", "FirstDegree\FirstDegree.csproj", "{79C833AD-E4D4-4007-BCFF-38C00ECD7A52}"
EndProject
Project("{FAE04EC0-301F-11D3-BF4B-00C04F79EFBC}") = "QuadraticEquation", "QuadraticEquation\QuadraticEquation.csproj", "{354B56DA-C4BE-4A3C-800B-8286ABDA1C6E}"
EndProject
Project("{FAE04EC0-301F-11D3-BF4B-00C04F79EFBC}") = "Stringinteraction", "Stringinteraction\Stringinteraction.csproj", "{474F9AAA-34C7-4B11-8472-A518A097B140}"
EndProject
Project("{FAE04EC0-301F-11D3-BF4B-00C04F79EFBC}") = "MathSimple", "MathSimple\MathSimple.csproj", "{CEF2B837-FC2C-4A04-B33D-33C9F47315BF}"
EndProject
Project("{FAE04EC0-301F-11D3-BF4B-00C04F79EFBC}") = "callbyRederence", "callbyRederence\callbyRederence.csproj", "{157F18BA-495E-4C7B-A559-0B46959DAB78}"
EndProject
Project("{FAE04EC0-301F-11D3-BF4B-00C04F79EFBC}") = "Reviewfor", "Reviewfor\Reviewfor.csproj", "{93507BC7-DA75-4F73-9B10-10E5CBD7C73F}"
EndProject
Project("{FAE04EC0-301F-11D3-BF4B-00C04F79EFBC}") = "LearnForeach", "LearnForeach\LearnForeach.csproj", "{7E29C1FA-6EB3-44EF-AEEB-C0E9699EDC15}"
EndProject
Project("{FAE04EC0-301F-11D3-BF4B-00C04F79EFBC}") = "Reviewloop", "Reviewloop\Reviewloop.csproj", "{F258A865-FA54-4543-9DF8-F8894677486A}"
EndProject
Project("{FAE04EC0-301F-11D3-BF4B-00C04F79EFBC}") = "OOP1", "OOP1\OOP1.csproj", "{FF213E28-BC36-4EDC-A4FF-73BF07A68C5E}"
EndProject
Project("{FAE04EC0-301F-11D3-BF4B-00C04F79EFBC}") = "OOP2", "OOP2\OOP2.csproj", "{DD9A26C1-F380-40CA-908F-5D790B309290}"
EndProject
Project("{FAE04EC0-301F-11D3-BF4B-00C04F79EFBC}") = "OOP3_Extendsionmethod", "OOP3_Extendsionmethod\OOP3_Extendsionmethod.csproj", "{EA9065D0-3E67-49DD-AD3B-B4080BD4BFBC}"
EndProject
Project("{FAE04EC0-301F-11D3-BF4B-00C04F79EFBC}") = "OOP2_Rreuse_as_Library", "OOP2_Rreuse_as_Library\OOP2_Rreuse_as_Library.csproj", "{EC2FD258-9ECF-4951-8250-42DFCC333368}"
EndProject
Project("{FAE04EC0-301F-11D3-BF4B-00C04F79EFBC}") = "Collerction_Generic", "Collerction_Generic\Collerction_Generic.csproj", "{2AD2F39A-DBE0-4C4D-A33B-F62955E59A56}"
EndProject
Project("{FAE04EC0-301F-11D3-BF4B-00C04F79EFBC}") = "OOP4_Dictionary", "OOP4_Dictionary\OOP4_Dictionary.csproj", "{FF9BFEDC-0349-41F8-B2AD-C95CCCF1D8A6}"
EndProject
Project("{2150E333-8FDC-42A3-9474-1A3956D46DE8}") = "Chapter3", "Chapter3", "{02EA681E-C7D8-13C7-8484-4AC65E1B71E8}"
EndProject
Project("{2150E333-8FDC-42A3-9474-1A3956D46DE8}") = "Chapter5", "Chapter5", "{9179C870-E64E-4769-A309-2A0B644710F0}"
EndProject
Project("{FAE04EC0-301F-11D3-BF4B-00C04F79EFBC}") = "SingletonPattern", "..\Chapter5\SingletonPattern\SingletonPattern.csproj", "{A601A213-A474-1EF8-DB5F-926DEDBCC81D}"
EndProject
Project("{FAE04EC0-301F-11D3-BF4B-00C04F79EFBC}") = "BuilderPattern", "..\Chapter5\BuilderPattern\BuilderPattern.csproj", "{CFD8EC58-0087-6D34-8564-24B2C329F211}"
EndProject
Project("{FAE04EC0-301F-11D3-BF4B-00C04F79EFBC}") = "FactoriesPattern", "..\Chapter5\FactoriesPattern\FactoriesPattern.csproj", "{C826CCB0-714D-2D56-1EA4-2A859F7116BF}"
EndProject
Project("{FAE04EC0-301F-11D3-BF4B-00C04F79EFBC}") = "ObserverPattern", "..\Chapter5\ObserverPattern\ObserverPattern.csproj", "{BBF13329-2228-D7AD-C217-7642251C27A2}"
EndProject
Project("{FAE04EC0-301F-11D3-BF4B-00C04F79EFBC}") = "PrototypePattern", "..\Chapter5\PrototypePattern\PrototypePattern.csproj", "{FC857DC0-55BD-5299-DCBE-EB5E729BBEB8}"
EndProject
Project("{FAE04EC0-301F-11D3-BF4B-00C04F79EFBC}") = "OOP5_Clone", "OOP5_Clone\OOP5_Clone.csproj", "{51BB8C3A-7B86-4629-A8DC-8225C918AC3E}"
EndProject
Project("{2150E333-8FDC-42A3-9474-1A3956D46DE8}") = "Chapter4", "Chapter4", "{9C041DB8-765D-4E28-A5B7-800DD8263D1B}"
EndProject
Project("{FAE04EC0-301F-11D3-BF4B-00C04F79EFBC}") = "DemoDelegate", "DemoDelegate\DemoDelegate.csproj", "{44261E79-677B-4A8A-813B-058EC18E41D1}"
EndProject
Project("{FAE04EC0-301F-11D3-BF4B-00C04F79EFBC}") = "DemoLINQToObject", "DemoLINQToObject\DemoLINQToObject.csproj", "{F6C0C4AD-5E00-4A23-8D1E-17171D581B7F}"
EndProject
Project("{FAE04EC0-301F-11D3-BF4B-00C04F79EFBC}") = "DemoLNQToObject2", "DemoLNQToObject2\DemoLNQToObject2.csproj", "{E78A5E8F-5554-43FE-AB1A-FD9EED8AA4F5}"
EndProject
Project("{2150E333-8FDC-42A3-9474-1A3956D46DE8}") = "Chapter6", "Chapter6", "{6270D914-636F-43AA-AC83-A56126B7380D}"
EndProject
Project("{FAE04EC0-301F-11D3-BF4B-00C04F79EFBC}") = "DemoMyStoreLINQ25QL", "DemoMyStoreLINQ25QL\DemoMyStoreLINQ25QL.csproj", "{A2FCAD59-C19D-427E-AA23-C8C3B9449F64}"
EndProject
Project("{FAE04EC0-301F-11D3-BF4B-00C04F79EFBC}") = "LucyDemoLNQ2SQL", "LucyDemoLNQ2SQL\LucyDemoLNQ2SQL.csproj", "{CCAAA894-7D41-427D-B15A-FBA492333B04}"
EndProject
Project("{2150E333-8FDC-42A3-9474-1A3956D46DE8}") = "Chapter7", "Chapter7", "{3C17C5CF-53ED-44E4-B3D7-DEFF60723632}"
EndProject
Project("{FAE04EC0-301F-11D3-BF4B-00C04F79EFBC}") = "CalSum", "HelloApp\CalSum.csproj", "{5C15604C-FDED-4B87-BDF5-D76506FA0371}"
EndProject
Project("{FAE04EC0-301F-11D3-BF4B-00C04F79EFBC}") = "CheckBox", "CheckBox\CheckBox.csproj", "{DBA4A87E-B36C-41F4-90A2-D96016E254A6}"
EndProject
Project("{FAE04EC0-301F-11D3-BF4B-00C04F79EFBC}") = "RadioButton", "WpfApp1\RadioButton.csproj", "{CC062653-5222-4059-B37B-DC2466C2AE8F}"
EndProject
Project("{FAE04EC0-301F-11D3-BF4B-00C04F79EFBC}") = "ListWpf", "ListWpf\ListWpf.csproj", "{E6FC2B23-C08C-4131-8AF4-D5205E7DE7E2}"
EndProject
Project("{FAE04EC0-301F-11D3-BF4B-00C04F79EFBC}") = "SimpleManagementWPFapp", "UserManagementWPFapp\SimpleManagementWPFapp.csproj", "{DF148571-8CEA-4C03-9143-A545C813FD71}"
EndProject
Project("{FAE04EC0-301F-11D3-BF4B-00C04F79EFBC}") = "BusinessObject", "BusinessObject\BusinessObject.csproj", "{9D82670A-5362-49D5-B7FC-6314DD254D50}"
EndProject
Project("{FAE04EC0-301F-11D3-BF4B-00C04F79EFBC}") = "DataAccessLayer", "DataAccessLayer\DataAccessLayer.csproj", "{4CEDC439-BC90-439A-9C9A-F0FDE9876A86}"
EndProject
Project("{FAE04EC0-301F-11D3-BF4B-00C04F79EFBC}") = "Respositories", "Respositories\Respositories.csproj", "{D1C37079-73AE-4E8B-A339-12B8F77C84B9}"
EndProject
Project("{FAE04EC0-301F-11D3-BF4B-00C04F79EFBC}") = "Services", "Services\Services.csproj", "{D976F8D8-CCEB-481D-B5CA-A4CCE95469C2}"
EndProject
Global
	GlobalSection(SolutionConfigurationPlatforms) = preSolution
		Debug|Any CPU = Debug|Any CPU
		Release|Any CPU = Release|Any CPU
	EndGlobalSection
	GlobalSection(ProjectConfigurationPlatforms) = postSolution
		{FFF39F92-6413-4501-BB96-4D6F8BBDAC8B}.Debug|Any CPU.ActiveCfg = Debug|Any CPU
		{FFF39F92-6413-4501-BB96-4D6F8BBDAC8B}.Debug|Any CPU.Build.0 = Debug|Any CPU
		{FFF39F92-6413-4501-BB96-4D6F8BBDAC8B}.Release|Any CPU.ActiveCfg = Release|Any CPU
		{FFF39F92-6413-4501-BB96-4D6F8BBDAC8B}.Release|Any CPU.Build.0 = Release|Any CPU
		{79C833AD-E4D4-4007-BCFF-38C00ECD7A52}.Debug|Any CPU.ActiveCfg = Debug|Any CPU
		{79C833AD-E4D4-4007-BCFF-38C00ECD7A52}.Debug|Any CPU.Build.0 = Debug|Any CPU
		{79C833AD-E4D4-4007-BCFF-38C00ECD7A52}.Release|Any CPU.ActiveCfg = Release|Any CPU
		{79C833AD-E4D4-4007-BCFF-38C00ECD7A52}.Release|Any CPU.Build.0 = Release|Any CPU
		{354B56DA-C4BE-4A3C-800B-8286ABDA1C6E}.Debug|Any CPU.ActiveCfg = Debug|Any CPU
		{354B56DA-C4BE-4A3C-800B-8286ABDA1C6E}.Debug|Any CPU.Build.0 = Debug|Any CPU
		{354B56DA-C4BE-4A3C-800B-8286ABDA1C6E}.Release|Any CPU.ActiveCfg = Release|Any CPU
		{354B56DA-C4BE-4A3C-800B-8286ABDA1C6E}.Release|Any CPU.Build.0 = Release|Any CPU
		{474F9AAA-34C7-4B11-8472-A518A097B140}.Debug|Any CPU.ActiveCfg = Debug|Any CPU
		{474F9AAA-34C7-4B11-8472-A518A097B140}.Debug|Any CPU.Build.0 = Debug|Any CPU
		{474F9AAA-34C7-4B11-8472-A518A097B140}.Release|Any CPU.ActiveCfg = Release|Any CPU
		{474F9AAA-34C7-4B11-8472-A518A097B140}.Release|Any CPU.Build.0 = Release|Any CPU
		{CEF2B837-FC2C-4A04-B33D-33C9F47315BF}.Debug|Any CPU.ActiveCfg = Debug|Any CPU
		{CEF2B837-FC2C-4A04-B33D-33C9F47315BF}.Debug|Any CPU.Build.0 = Debug|Any CPU
		{CEF2B837-FC2C-4A04-B33D-33C9F47315BF}.Release|Any CPU.ActiveCfg = Release|Any CPU
		{CEF2B837-FC2C-4A04-B33D-33C9F47315BF}.Release|Any CPU.Build.0 = Release|Any CPU
		{157F18BA-495E-4C7B-A559-0B46959DAB78}.Debug|Any CPU.ActiveCfg = Debug|Any CPU
		{157F18BA-495E-4C7B-A559-0B46959DAB78}.Debug|Any CPU.Build.0 = Debug|Any CPU
		{157F18BA-495E-4C7B-A559-0B46959DAB78}.Release|Any CPU.ActiveCfg = Release|Any CPU
		{157F18BA-495E-4C7B-A559-0B46959DAB78}.Release|Any CPU.Build.0 = Release|Any CPU
		{93507BC7-DA75-4F73-9B10-10E5CBD7C73F}.Debug|Any CPU.ActiveCfg = Debug|Any CPU
		{93507BC7-DA75-4F73-9B10-10E5CBD7C73F}.Debug|Any CPU.Build.0 = Debug|Any CPU
		{93507BC7-DA75-4F73-9B10-10E5CBD7C73F}.Release|Any CPU.ActiveCfg = Release|Any CPU
		{93507BC7-DA75-4F73-9B10-10E5CBD7C73F}.Release|Any CPU.Build.0 = Release|Any CPU
		{7E29C1FA-6EB3-44EF-AEEB-C0E9699EDC15}.Debug|Any CPU.ActiveCfg = Debug|Any CPU
		{7E29C1FA-6EB3-44EF-AEEB-C0E9699EDC15}.Debug|Any CPU.Build.0 = Debug|Any CPU
		{7E29C1FA-6EB3-44EF-AEEB-C0E9699EDC15}.Release|Any CPU.ActiveCfg = Release|Any CPU
		{7E29C1FA-6EB3-44EF-AEEB-C0E9699EDC15}.Release|Any CPU.Build.0 = Release|Any CPU
		{F258A865-FA54-4543-9DF8-F8894677486A}.Debug|Any CPU.ActiveCfg = Debug|Any CPU
		{F258A865-FA54-4543-9DF8-F8894677486A}.Debug|Any CPU.Build.0 = Debug|Any CPU
		{F258A865-FA54-4543-9DF8-F8894677486A}.Release|Any CPU.ActiveCfg = Release|Any CPU
		{F258A865-FA54-4543-9DF8-F8894677486A}.Release|Any CPU.Build.0 = Release|Any CPU
		{FF213E28-BC36-4EDC-A4FF-73BF07A68C5E}.Debug|Any CPU.ActiveCfg = Debug|Any CPU
		{FF213E28-BC36-4EDC-A4FF-73BF07A68C5E}.Debug|Any CPU.Build.0 = Debug|Any CPU
		{FF213E28-BC36-4EDC-A4FF-73BF07A68C5E}.Release|Any CPU.ActiveCfg = Release|Any CPU
		{FF213E28-BC36-4EDC-A4FF-73BF07A68C5E}.Release|Any CPU.Build.0 = Release|Any CPU
		{DD9A26C1-F380-40CA-908F-5D790B309290}.Debug|Any CPU.ActiveCfg = Debug|Any CPU
		{DD9A26C1-F380-40CA-908F-5D790B309290}.Debug|Any CPU.Build.0 = Debug|Any CPU
		{DD9A26C1-F380-40CA-908F-5D790B309290}.Release|Any CPU.ActiveCfg = Release|Any CPU
		{DD9A26C1-F380-40CA-908F-5D790B309290}.Release|Any CPU.Build.0 = Release|Any CPU
		{EA9065D0-3E67-49DD-AD3B-B4080BD4BFBC}.Debug|Any CPU.ActiveCfg = Debug|Any CPU
		{EA9065D0-3E67-49DD-AD3B-B4080BD4BFBC}.Debug|Any CPU.Build.0 = Debug|Any CPU
		{EA9065D0-3E67-49DD-AD3B-B4080BD4BFBC}.Release|Any CPU.ActiveCfg = Release|Any CPU
		{EA9065D0-3E67-49DD-AD3B-B4080BD4BFBC}.Release|Any CPU.Build.0 = Release|Any CPU
		{EC2FD258-9ECF-4951-8250-42DFCC333368}.Debug|Any CPU.ActiveCfg = Debug|Any CPU
		{EC2FD258-9ECF-4951-8250-42DFCC333368}.Debug|Any CPU.Build.0 = Debug|Any CPU
		{EC2FD258-9ECF-4951-8250-42DFCC333368}.Release|Any CPU.ActiveCfg = Release|Any CPU
		{EC2FD258-9ECF-4951-8250-42DFCC333368}.Release|Any CPU.Build.0 = Release|Any CPU
		{2AD2F39A-DBE0-4C4D-A33B-F62955E59A56}.Debug|Any CPU.ActiveCfg = Debug|Any CPU
		{2AD2F39A-DBE0-4C4D-A33B-F62955E59A56}.Debug|Any CPU.Build.0 = Debug|Any CPU
		{2AD2F39A-DBE0-4C4D-A33B-F62955E59A56}.Release|Any CPU.ActiveCfg = Release|Any CPU
		{2AD2F39A-DBE0-4C4D-A33B-F62955E59A56}.Release|Any CPU.Build.0 = Release|Any CPU
		{FF9BFEDC-0349-41F8-B2AD-C95CCCF1D8A6}.Debug|Any CPU.ActiveCfg = Debug|Any CPU
		{FF9BFEDC-0349-41F8-B2AD-C95CCCF1D8A6}.Debug|Any CPU.Build.0 = Debug|Any CPU
		{FF9BFEDC-0349-41F8-B2AD-C95CCCF1D8A6}.Release|Any CPU.ActiveCfg = Release|Any CPU
		{FF9BFEDC-0349-41F8-B2AD-C95CCCF1D8A6}.Release|Any CPU.Build.0 = Release|Any CPU
		{A601A213-A474-1EF8-DB5F-926DEDBCC81D}.Debug|Any CPU.ActiveCfg = Debug|Any CPU
		{A601A213-A474-1EF8-DB5F-926DEDBCC81D}.Debug|Any CPU.Build.0 = Debug|Any CPU
		{A601A213-A474-1EF8-DB5F-926DEDBCC81D}.Release|Any CPU.ActiveCfg = Release|Any CPU
		{A601A213-A474-1EF8-DB5F-926DEDBCC81D}.Release|Any CPU.Build.0 = Release|Any CPU
		{CFD8EC58-0087-6D34-8564-24B2C329F211}.Debug|Any CPU.ActiveCfg = Debug|Any CPU
		{CFD8EC58-0087-6D34-8564-24B2C329F211}.Debug|Any CPU.Build.0 = Debug|Any CPU
		{CFD8EC58-0087-6D34-8564-24B2C329F211}.Release|Any CPU.ActiveCfg = Release|Any CPU
		{CFD8EC58-0087-6D34-8564-24B2C329F211}.Release|Any CPU.Build.0 = Release|Any CPU
		{C826CCB0-714D-2D56-1EA4-2A859F7116BF}.Debug|Any CPU.ActiveCfg = Debug|Any CPU
		{C826CCB0-714D-2D56-1EA4-2A859F7116BF}.Debug|Any CPU.Build.0 = Debug|Any CPU
		{C826CCB0-714D-2D56-1EA4-2A859F7116BF}.Release|Any CPU.ActiveCfg = Release|Any CPU
		{C826CCB0-714D-2D56-1EA4-2A859F7116BF}.Release|Any CPU.Build.0 = Release|Any CPU
		{BBF13329-2228-D7AD-C217-7642251C27A2}.Debug|Any CPU.ActiveCfg = Debug|Any CPU
		{BBF13329-2228-D7AD-C217-7642251C27A2}.Debug|Any CPU.Build.0 = Debug|Any CPU
		{BBF13329-2228-D7AD-C217-7642251C27A2}.Release|Any CPU.ActiveCfg = Release|Any CPU
		{BBF13329-2228-D7AD-C217-7642251C27A2}.Release|Any CPU.Build.0 = Release|Any CPU
		{FC857DC0-55BD-5299-DCBE-EB5E729BBEB8}.Debug|Any CPU.ActiveCfg = Debug|Any CPU
		{FC857DC0-55BD-5299-DCBE-EB5E729BBEB8}.Debug|Any CPU.Build.0 = Debug|Any CPU
		{FC857DC0-55BD-5299-DCBE-EB5E729BBEB8}.Release|Any CPU.ActiveCfg = Release|Any CPU
		{FC857DC0-55BD-5299-DCBE-EB5E729BBEB8}.Release|Any CPU.Build.0 = Release|Any CPU
		{51BB8C3A-7B86-4629-A8DC-8225C918AC3E}.Debug|Any CPU.ActiveCfg = Debug|Any CPU
		{51BB8C3A-7B86-4629-A8DC-8225C918AC3E}.Debug|Any CPU.Build.0 = Debug|Any CPU
		{51BB8C3A-7B86-4629-A8DC-8225C918AC3E}.Release|Any CPU.ActiveCfg = Release|Any CPU
		{51BB8C3A-7B86-4629-A8DC-8225C918AC3E}.Release|Any CPU.Build.0 = Release|Any CPU
		{44261E79-677B-4A8A-813B-058EC18E41D1}.Debug|Any CPU.ActiveCfg = Debug|Any CPU
		{44261E79-677B-4A8A-813B-058EC18E41D1}.Debug|Any CPU.Build.0 = Debug|Any CPU
		{44261E79-677B-4A8A-813B-058EC18E41D1}.Release|Any CPU.ActiveCfg = Release|Any CPU
		{44261E79-677B-4A8A-813B-058EC18E41D1}.Release|Any CPU.Build.0 = Release|Any CPU
		{F6C0C4AD-5E00-4A23-8D1E-17171D581B7F}.Debug|Any CPU.ActiveCfg = Debug|Any CPU
		{F6C0C4AD-5E00-4A23-8D1E-17171D581B7F}.Debug|Any CPU.Build.0 = Debug|Any CPU
		{F6C0C4AD-5E00-4A23-8D1E-17171D581B7F}.Release|Any CPU.ActiveCfg = Release|Any CPU
		{F6C0C4AD-5E00-4A23-8D1E-17171D581B7F}.Release|Any CPU.Build.0 = Release|Any CPU
		{E78A5E8F-5554-43FE-AB1A-FD9EED8AA4F5}.Debug|Any CPU.ActiveCfg = Debug|Any CPU
		{E78A5E8F-5554-43FE-AB1A-FD9EED8AA4F5}.Debug|Any CPU.Build.0 = Debug|Any CPU
		{E78A5E8F-5554-43FE-AB1A-FD9EED8AA4F5}.Release|Any CPU.ActiveCfg = Release|Any CPU
		{E78A5E8F-5554-43FE-AB1A-FD9EED8AA4F5}.Release|Any CPU.Build.0 = Release|Any CPU
		{A2FCAD59-C19D-427E-AA23-C8C3B9449F64}.Debug|Any CPU.ActiveCfg = Debug|Any CPU
		{A2FCAD59-C19D-427E-AA23-C8C3B9449F64}.Debug|Any CPU.Build.0 = Debug|Any CPU
		{A2FCAD59-C19D-427E-AA23-C8C3B9449F64}.Release|Any CPU.ActiveCfg = Release|Any CPU
		{A2FCAD59-C19D-427E-AA23-C8C3B9449F64}.Release|Any CPU.Build.0 = Release|Any CPU
		{CCAAA894-7D41-427D-B15A-FBA492333B04}.Debug|Any CPU.ActiveCfg = Debug|Any CPU
		{CCAAA894-7D41-427D-B15A-FBA492333B04}.Debug|Any CPU.Build.0 = Debug|Any CPU
		{CCAAA894-7D41-427D-B15A-FBA492333B04}.Release|Any CPU.ActiveCfg = Release|Any CPU
		{CCAAA894-7D41-427D-B15A-FBA492333B04}.Release|Any CPU.Build.0 = Release|Any CPU
		{5C15604C-FDED-4B87-BDF5-D76506FA0371}.Debug|Any CPU.ActiveCfg = Debug|Any CPU
		{5C15604C-FDED-4B87-BDF5-D76506FA0371}.Debug|Any CPU.Build.0 = Debug|Any CPU
		{5C15604C-FDED-4B87-BDF5-D76506FA0371}.Release|Any CPU.ActiveCfg = Release|Any CPU
		{5C15604C-FDED-4B87-BDF5-D76506FA0371}.Release|Any CPU.Build.0 = Release|Any CPU
		{DBA4A87E-B36C-41F4-90A2-D96016E254A6}.Debug|Any CPU.ActiveCfg = Debug|Any CPU
		{DBA4A87E-B36C-41F4-90A2-D96016E254A6}.Debug|Any CPU.Build.0 = Debug|Any CPU
		{DBA4A87E-B36C-41F4-90A2-D96016E254A6}.Release|Any CPU.ActiveCfg = Release|Any CPU
		{DBA4A87E-B36C-41F4-90A2-D96016E254A6}.Release|Any CPU.Build.0 = Release|Any CPU
		{CC062653-5222-4059-B37B-DC2466C2AE8F}.Debug|Any CPU.ActiveCfg = Debug|Any CPU
		{CC062653-5222-4059-B37B-DC2466C2AE8F}.Debug|Any CPU.Build.0 = Debug|Any CPU
		{CC062653-5222-4059-B37B-DC2466C2AE8F}.Release|Any CPU.ActiveCfg = Release|Any CPU
		{CC062653-5222-4059-B37B-DC2466C2AE8F}.Release|Any CPU.Build.0 = Release|Any CPU
		{E6FC2B23-C08C-4131-8AF4-D5205E7DE7E2}.Debug|Any CPU.ActiveCfg = Debug|Any CPU
		{E6FC2B23-C08C-4131-8AF4-D5205E7DE7E2}.Debug|Any CPU.Build.0 = Debug|Any CPU
		{E6FC2B23-C08C-4131-8AF4-D5205E7DE7E2}.Release|Any CPU.ActiveCfg = Release|Any CPU
		{E6FC2B23-C08C-4131-8AF4-D5205E7DE7E2}.Release|Any CPU.Build.0 = Release|Any CPU
		{DF148571-8CEA-4C03-9143-A545C813FD71}.Debug|Any CPU.ActiveCfg = Debug|Any CPU
		{DF148571-8CEA-4C03-9143-A545C813FD71}.Debug|Any CPU.Build.0 = Debug|Any CPU
		{DF148571-8CEA-4C03-9143-A545C813FD71}.Release|Any CPU.ActiveCfg = Release|Any CPU
		{DF148571-8CEA-4C03-9143-A545C813FD71}.Release|Any CPU.Build.0 = Release|Any CPU
		{9D82670A-5362-49D5-B7FC-6314DD254D50}.Debug|Any CPU.ActiveCfg = Debug|Any CPU
		{9D82670A-5362-49D5-B7FC-6314DD254D50}.Debug|Any CPU.Build.0 = Debug|Any CPU
		{9D82670A-5362-49D5-B7FC-6314DD254D50}.Release|Any CPU.ActiveCfg = Release|Any CPU
		{9D82670A-5362-49D5-B7FC-6314DD254D50}.Release|Any CPU.Build.0 = Release|Any CPU
		{4CEDC439-BC90-439A-9C9A-F0FDE9876A86}.Debug|Any CPU.ActiveCfg = Debug|Any CPU
		{4CEDC439-BC90-439A-9C9A-F0FDE9876A86}.Debug|Any CPU.Build.0 = Debug|Any CPU
		{4CEDC439-BC90-439A-9C9A-F0FDE9876A86}.Release|Any CPU.ActiveCfg = Release|Any CPU
		{4CEDC439-BC90-439A-9C9A-F0FDE9876A86}.Release|Any CPU.Build.0 = Release|Any CPU
		{D1C37079-73AE-4E8B-A339-12B8F77C84B9}.Debug|Any CPU.ActiveCfg = Debug|Any CPU
		{D1C37079-73AE-4E8B-A339-12B8F77C84B9}.Debug|Any CPU.Build.0 = Debug|Any CPU
		{D1C37079-73AE-4E8B-A339-12B8F77C84B9}.Release|Any CPU.ActiveCfg = Release|Any CPU
		{D1C37079-73AE-4E8B-A339-12B8F77C84B9}.Release|Any CPU.Build.0 = Release|Any CPU
		{D976F8D8-CCEB-481D-B5CA-A4CCE95469C2}.Debug|Any CPU.ActiveCfg = Debug|Any CPU
		{D976F8D8-CCEB-481D-B5CA-A4CCE95469C2}.Debug|Any CPU.Build.0 = Debug|Any CPU
		{D976F8D8-CCEB-481D-B5CA-A4CCE95469C2}.Release|Any CPU.ActiveCfg = Release|Any CPU
		{D976F8D8-CCEB-481D-B5CA-A4CCE95469C2}.Release|Any CPU.Build.0 = Release|Any CPU
	EndGlobalSection
	GlobalSection(SolutionProperties) = preSolution
		HideSolutionNode = FALSE
	EndGlobalSection
	GlobalSection(NestedProjects) = preSolution
		{FF213E28-BC36-4EDC-A4FF-73BF07A68C5E} = {02EA681E-C7D8-13C7-8484-4AC65E1B71E8}
		{DD9A26C1-F380-40CA-908F-5D790B309290} = {02EA681E-C7D8-13C7-8484-4AC65E1B71E8}
		{EA9065D0-3E67-49DD-AD3B-B4080BD4BFBC} = {02EA681E-C7D8-13C7-8484-4AC65E1B71E8}
		{EC2FD258-9ECF-4951-8250-42DFCC333368} = {02EA681E-C7D8-13C7-8484-4AC65E1B71E8}
		{2AD2F39A-DBE0-4C4D-A33B-F62955E59A56} = {9C041DB8-765D-4E28-A5B7-800DD8263D1B}
		{FF9BFEDC-0349-41F8-B2AD-C95CCCF1D8A6} = {9C041DB8-765D-4E28-A5B7-800DD8263D1B}
		{A601A213-A474-1EF8-DB5F-926DEDBCC81D} = {9179C870-E64E-4769-A309-2A0B644710F0}
		{CFD8EC58-0087-6D34-8564-24B2C329F211} = {9179C870-E64E-4769-A309-2A0B644710F0}
		{C826CCB0-714D-2D56-1EA4-2A859F7116BF} = {9179C870-E64E-4769-A309-2A0B644710F0}
		{BBF13329-2228-D7AD-C217-7642251C27A2} = {9179C870-E64E-4769-A309-2A0B644710F0}
		{FC857DC0-55BD-5299-DCBE-EB5E729BBEB8} = {9179C870-E64E-4769-A309-2A0B644710F0}
		{51BB8C3A-7B86-4629-A8DC-8225C918AC3E} = {9179C870-E64E-4769-A309-2A0B644710F0}
		{A2FCAD59-C19D-427E-AA23-C8C3B9449F64} = {6270D914-636F-43AA-AC83-A56126B7380D}
		{CCAAA894-7D41-427D-B15A-FBA492333B04} = {6270D914-636F-43AA-AC83-A56126B7380D}
		{5C15604C-FDED-4B87-BDF5-D76506FA0371} = {3C17C5CF-53ED-44E4-B3D7-DEFF60723632}
		{DBA4A87E-B36C-41F4-90A2-D96016E254A6} = {3C17C5CF-53ED-44E4-B3D7-DEFF60723632}
		{CC062653-5222-4059-B37B-DC2466C2AE8F} = {3C17C5CF-53ED-44E4-B3D7-DEFF60723632}
		{E6FC2B23-C08C-4131-8AF4-D5205E7DE7E2} = {3C17C5CF-53ED-44E4-B3D7-DEFF60723632}
		{DF148571-8CEA-4C03-9143-A545C813FD71} = {3C17C5CF-53ED-44E4-B3D7-DEFF60723632}
		{9D82670A-5362-49D5-B7FC-6314DD254D50} = {3C17C5CF-53ED-44E4-B3D7-DEFF60723632}
		{4CEDC439-BC90-439A-9C9A-F0FDE9876A86} = {3C17C5CF-53ED-44E4-B3D7-DEFF60723632}
		{D1C37079-73AE-4E8B-A339-12B8F77C84B9} = {3C17C5CF-53ED-44E4-B3D7-DEFF60723632}
		{D976F8D8-CCEB-481D-B5CA-A4CCE95469C2} = {3C17C5CF-53ED-44E4-B3D7-DEFF60723632}
	EndGlobalSection
	GlobalSection(ExtensibilityGlobals) = postSolution
		SolutionGuid = {CC8F3D4E-A510-41F7-9315-BDFCF0989A63}
	EndGlobalSection
EndGlobal
