
Microsoft Visual Studio Solution File, Format Version 12.00
# Visual Studio Version 17
VisualStudioVersion = 17.14.36109.1
MinimumVisualStudioVersion = 10.0.40219.1
Project("{FAE04EC0-301F-11D3-BF4B-00C04F79EFBC}") = "BusinessObject", "BusinessObject\BusinessObject.csproj", "{411B69C9-55AA-496B-B354-A3BC5A7D7EFF}"
EndProject
Project("{FAE04EC0-301F-11D3-BF4B-00C04F79EFBC}") = "DataAccessLayer", "DataAccessLayer/DataAccessLayer.csproj", "{648CE8B8-C684-463B-8B1B-9FF98AD4253C}"
EndProject
Project("{FAE04EC0-301F-11D3-BF4B-00C04F79EFBC}") = "Repositories", "Repositories\Repositories.csproj", "{B4927021-7E13-484D-BB8C-2D8FFE9DF9EB}"
EndProject
Project("{FAE04EC0-301F-11D3-BF4B-00C04F79EFBC}") = "Services", "Services\Services.csproj", "{D7B86A60-8852-4E3B-A18D-2CE6401D9EDB}"
EndProject
Project("{FAE04EC0-301F-11D3-BF4B-00C04F79EFBC}") = "WPFApp", "WPFApp\WPFApp.csproj", "{4A7BDFFE-A9A2-4FF7-988A-D3023DC55AFD}"
EndProject
Global
	GlobalSection(SolutionConfigurationPlatforms) = preSolution
		Debug|Any CPU = Debug|Any CPU
		Release|Any CPU = Release|Any CPU
	EndGlobalSection
	GlobalSection(ProjectConfigurationPlatforms) = postSolution
		{411B69C9-55AA-496B-B354-A3BC5A7D7EFF}.Debug|Any CPU.ActiveCfg = Debug|Any CPU
		{411B69C9-55AA-496B-B354-A3BC5A7D7EFF}.Debug|Any CPU.Build.0 = Debug|Any CPU
		{411B69C9-55AA-496B-B354-A3BC5A7D7EFF}.Release|Any CPU.ActiveCfg = Release|Any CPU
		{411B69C9-55AA-496B-B354-A3BC5A7D7EFF}.Release|Any CPU.Build.0 = Release|Any CPU
		{648CE8B8-C684-463B-8B1B-9FF98AD4253C}.Debug|Any CPU.ActiveCfg = Debug|Any CPU
		{648CE8B8-C684-463B-8B1B-9FF98AD4253C}.Debug|Any CPU.Build.0 = Debug|Any CPU
		{648CE8B8-C684-463B-8B1B-9FF98AD4253C}.Release|Any CPU.ActiveCfg = Release|Any CPU
		{648CE8B8-C684-463B-8B1B-9FF98AD4253C}.Release|Any CPU.Build.0 = Release|Any CPU
		{B4927021-7E13-484D-BB8C-2D8FFE9DF9EB}.Debug|Any CPU.ActiveCfg = Debug|Any CPU
		{B4927021-7E13-484D-BB8C-2D8FFE9DF9EB}.Debug|Any CPU.Build.0 = Debug|Any CPU
		{B4927021-7E13-484D-BB8C-2D8FFE9DF9EB}.Release|Any CPU.ActiveCfg = Release|Any CPU
		{B4927021-7E13-484D-BB8C-2D8FFE9DF9EB}.Release|Any CPU.Build.0 = Release|Any CPU
		{D7B86A60-8852-4E3B-A18D-2CE6401D9EDB}.Debug|Any CPU.ActiveCfg = Debug|Any CPU
		{D7B86A60-8852-4E3B-A18D-2CE6401D9EDB}.Debug|Any CPU.Build.0 = Debug|Any CPU
		{D7B86A60-8852-4E3B-A18D-2CE6401D9EDB}.Release|Any CPU.ActiveCfg = Release|Any CPU
		{D7B86A60-8852-4E3B-A18D-2CE6401D9EDB}.Release|Any CPU.Build.0 = Release|Any CPU
		{4A7BDFFE-A9A2-4FF7-988A-D3023DC55AFD}.Debug|Any CPU.ActiveCfg = Debug|Any CPU
		{4A7BDFFE-A9A2-4FF7-988A-D3023DC55AFD}.Debug|Any CPU.Build.0 = Debug|Any CPU
		{4A7BDFFE-A9A2-4FF7-988A-D3023DC55AFD}.Release|Any CPU.ActiveCfg = Release|Any CPU
		{4A7BDFFE-A9A2-4FF7-988A-D3023DC55AFD}.Release|Any CPU.Build.0 = Release|Any CPU
	EndGlobalSection
	GlobalSection(SolutionProperties) = preSolution
		HideSolutionNode = FALSE
	EndGlobalSection
	GlobalSection(ExtensibilityGlobals) = postSolution
		SolutionGuid = {D6642838-5FE4-4217-AE3B-C3FCF97B7BDE}
	EndGlobalSection
EndGlobal
